// !$*UTF8*$!
{
	archiveVersion = 1;
	classes = {
	};
	objectVersion = 50;
	objects = {

/* Begin PBXBuildFile section */
		4DE05D39258441A100EDA325 /* MyLittleIOSAppApp.swift in Sources */ = {isa = PBXBuildFile; fileRef = 4DE05D26258441A100EDA325 /* MyLittleIOSAppApp.swift */; };
		4DE05D3A258441A100EDA325 /* MyLittleIOSAppApp.swift in Sources */ = {isa = PBXBuildFile; fileRef = 4DE05D26258441A100EDA325 /* MyLittleIOSAppApp.swift */; };
		4DE05D3B258441A100EDA325 /* ContentView.swift in Sources */ = {isa = PBXBuildFile; fileRef = 4DE05D27258441A100EDA325 /* ContentView.swift */; };
		4DE05D3C258441A100EDA325 /* ContentView.swift in Sources */ = {isa = PBXBuildFile; fileRef = 4DE05D27258441A100EDA325 /* ContentView.swift */; };
		4DE05D3D258441A100EDA325 /* Assets.xcassets in Resources */ = {isa = PBXBuildFile; fileRef = 4DE05D28258441A100EDA325 /* Assets.xcassets */; };
		4DE05D3E258441A100EDA325 /* Assets.xcassets in Resources */ = {isa = PBXBuildFile; fileRef = 4DE05D28258441A100EDA325 /* Assets.xcassets */; };
/* End PBXBuildFile section */

/* Begin PBXFileReference section */
		4D609D6025856FCA0091C1C9 /* MyPlayground.playground */ = {isa = PBXFileReference; lastKnownFileType = file.playground; path = MyPlayground.playground; sourceTree = "<group>"; xcLanguageSpecificationIdentifier = xcode.lang.swift; };
		4DE05D26258441A100EDA325 /* MyLittleIOSAppApp.swift */ = {isa = PBXFileReference; lastKnownFileType = sourcecode.swift; path = MyLittleIOSAppApp.swift; sourceTree = "<group>"; };
		4DE05D27258441A100EDA325 /* ContentView.swift */ = {isa = PBXFileReference; lastKnownFileType = sourcecode.swift; path = ContentView.swift; sourceTree = "<group>"; };
		4DE05D28258441A100EDA325 /* Assets.xcassets */ = {isa = PBXFileReference; lastKnownFileType = folder.assetcatalog; path = Assets.xcassets; sourceTree = "<group>"; };
		4DE05D2D258441A100EDA325 /* MyLittleIOSApp.app */ = {isa = PBXFileReference; explicitFileType = wrapper.application; includeInIndex = 0; path = MyLittleIOSApp.app; sourceTree = BUILT_PRODUCTS_DIR; };
		4DE05D30258441A100EDA325 /* Info.plist */ = {isa = PBXFileReference; lastKnownFileType = text.plist.xml; path = Info.plist; sourceTree = "<group>"; };
		4DE05D35258441A100EDA325 /* MyLittleIOSApp.app */ = {isa = PBXFileReference; explicitFileType = wrapper.application; includeInIndex = 0; path = MyLittleIOSApp.app; sourceTree = BUILT_PRODUCTS_DIR; };
		4DE05D37258441A100EDA325 /* Info.plist */ = {isa = PBXFileReference; lastKnownFileType = text.plist.xml; path = Info.plist; sourceTree = "<group>"; };
		4DE05D38258441A100EDA325 /* macOS.entitlements */ = {isa = PBXFileReference; lastKnownFileType = text.plist.entitlements; path = macOS.entitlements; sourceTree = "<group>"; };
/* End PBXFileReference section */

/* Begin PBXFrameworksBuildPhase section */
		4DE05D2A258441A100EDA325 /* Frameworks */ = {
			isa = PBXFrameworksBuildPhase;
			buildActionMask = 2147483647;
			files = (
			);
			runOnlyForDeploymentPostprocessing = 0;
		};
		4DE05D32258441A100EDA325 /* Frameworks */ = {
			isa = PBXFrameworksBuildPhase;
			buildActionMask = 2147483647;
			files = (
			);
			runOnlyForDeploymentPostprocessing = 0;
		};
/* End PBXFrameworksBuildPhase section */

/* Begin PBXGroup section */
		4DE05D20258441A100EDA325 = {
			isa = PBXGroup;
			children = (
				4D609D6025856FCA0091C1C9 /* MyPlayground.playground */,
				4DE05D25258441A100EDA325 /* Shared */,
				4DE05D2F258441A100EDA325 /* iOS */,
				4DE05D36258441A100EDA325 /* macOS */,
				4DE05D2E258441A100EDA325 /* Products */,
			);
			sourceTree = "<group>";
		};
		4DE05D25258441A100EDA325 /* Shared */ = {
			isa = PBXGroup;
			children = (
				4DE05D26258441A100EDA325 /* MyLittleIOSAppApp.swift */,
				4DE05D27258441A100EDA325 /* ContentView.swift */,
				4DE05D28258441A100EDA325 /* Assets.xcassets */,
			);
			path = Shared;
			sourceTree = "<group>";
		};
		4DE05D2E258441A100EDA325 /* Products */ = {
			isa = PBXGroup;
			children = (
				4DE05D2D258441A100EDA325 /* MyLittleIOSApp.app */,
				4DE05D35258441A100EDA325 /* MyLittleIOSApp.app */,
			);
			name = Products;
			sourceTree = "<group>";
		};
		4DE05D2F258441A100EDA325 /* iOS */ = {
			isa = PBXGroup;
			children = (
				4DE05D30258441A100EDA325 /* Info.plist */,
			);
			path = iOS;
			sourceTree = "<group>";
		};
		4DE05D36258441A100EDA325 /* macOS */ = {
			isa = PBXGroup;
			children = (
				4DE05D37258441A100EDA325 /* Info.plist */,
				4DE05D38258441A100EDA325 /* macOS.entitlements */,
			);
			path = macOS;
			sourceTree = "<group>";
		};
/* End PBXGroup section */

/* Begin PBXNativeTarget section */
		4DE05D2C258441A100EDA325 /* MyLittleIOSApp (iOS) */ = {
			isa = PBXNativeTarget;
			buildConfigurationList = 4DE05D41258441A100EDA325 /* Build configuration list for PBXNativeTarget "MyLittleIOSApp (iOS)" */;
			buildPhases = (
				4DE05D29258441A100EDA325 /* Sources */,
				4DE05D2A258441A100EDA325 /* Frameworks */,
				4DE05D2B258441A100EDA325 /* Resources */,
			);
			buildRules = (
			);
			dependencies = (
			);
			name = "MyLittleIOSApp (iOS)";
			productName = "MyLittleIOSApp (iOS)";
			productReference = 4DE05D2D258441A100EDA325 /* MyLittleIOSApp.app */;
			productType = "com.apple.product-type.application";
		};
		4DE05D34258441A100EDA325 /* MyLittleIOSApp (macOS) */ = {
			isa = PBXNativeTarget;
			buildConfigurationList = 4DE05D44258441A100EDA325 /* Build configuration list for PBXNativeTarget "MyLittleIOSApp (macOS)" */;
			buildPhases = (
				4DE05D31258441A100EDA325 /* Sources */,
				4DE05D32258441A100EDA325 /* Frameworks */,
				4DE05D33258441A100EDA325 /* Resources */,
			);
			buildRules = (
			);
			dependencies = (
			);
			name = "MyLittleIOSApp (macOS)";
			productName = "MyLittleIOSApp (macOS)";
			productReference = 4DE05D35258441A100EDA325 /* MyLittleIOSApp.app */;
			productType = "com.apple.product-type.application";
		};
/* End PBXNativeTarget section */

/* Begin PBXProject section */
		4DE05D21258441A100EDA325 /* Project object */ = {
			isa = PBXProject;
			attributes = {
				LastSwiftUpdateCheck = 1220;
				LastUpgradeCheck = 1220;
				TargetAttributes = {
					4DE05D2C258441A100EDA325 = {
						CreatedOnToolsVersion = 12.2;
					};
					4DE05D34258441A100EDA325 = {
						CreatedOnToolsVersion = 12.2;
					};
				};
			};
			buildConfigurationList = 4DE05D24258441A100EDA325 /* Build configuration list for PBXProject "MyLittleIOSApp" */;
			compatibilityVersion = "Xcode 9.3";
			developmentRegion = en;
			hasScannedForEncodings = 0;
			knownRegions = (
				en,
				Base,
			);
			mainGroup = 4DE05D20258441A100EDA325;
			productRefGroup = 4DE05D2E258441A100EDA325 /* Products */;
			projectDirPath = "";
			projectRoot = "";
			targets = (
				4DE05D2C258441A100EDA325 /* MyLittleIOSApp (iOS) */,
				4DE05D34258441A100EDA325 /* MyLittleIOSApp (macOS) */,
			);
		};
/* End PBXProject section */

/* Begin PBXResourcesBuildPhase section */
		4DE05D2B258441A100EDA325 /* Resources */ = {
			isa = PBXResourcesBuildPhase;
			buildActionMask = 2147483647;
			files = (
				4DE05D3D258441A100EDA325 /* Assets.xcassets in Resources */,
			);
			runOnlyForDeploymentPostprocessing = 0;
		};
		4DE05D33258441A100EDA325 /* Resources */ = {
			isa = PBXResourcesBuildPhase;
			buildActionMask = 2147483647;
			files = (
				4DE05D3E258441A100EDA325 /* Assets.xcassets in Resources */,
			);
			runOnlyForDeploymentPostprocessing = 0;
		};
/* End PBXResourcesBuildPhase section */

/* Begin PBXSourcesBuildPhase section */
		4DE05D29258441A100EDA325 /* Sources */ = {
			isa = PBXSourcesBuildPhase;
			buildActionMask = 2147483647;
			files = (
				4DE05D3B258441A100EDA325 /* ContentView.swift in Sources */,
				4DE05D39258441A100EDA325 /* MyLittleIOSAppApp.swift in Sources */,
			);
			runOnlyForDeploymentPostprocessing = 0;
		};
		4DE05D31258441A100EDA325 /* Sources */ = {
			isa = PBXSourcesBuildPhase;
			buildActionMask = 2147483647;
			files = (
				4DE05D3C258441A100EDA325 /* ContentView.swift in Sources */,
				4DE05D3A258441A100EDA325 /* MyLittleIOSAppApp.swift in Sources */,
			);
			runOnlyForDeploymentPostprocessing = 0;
		};
/* End PBXSourcesBuildPhase section */

/* Begin XCBuildConfiguration section */
		4DE05D3F258441A100EDA325 /* Debug */ = {
			isa = XCBuildConfiguration;
			buildSettings = {
				ALWAYS_SEARCH_USER_PATHS = NO;
				CLANG_ANALYZER_NONNULL = YES;
				CLANG_ANALYZER_NUMBER_OBJECT_CONVERSION = YES_AGGRESSIVE;
				CLANG_CXX_LANGUAGE_STANDARD = "gnu++14";
				CLANG_CXX_LIBRARY = "libc++";
				CLANG_ENABLE_MODULES = YES;
				CLANG_ENABLE_OBJC_ARC = YES;
				CLANG_ENABLE_OBJC_WEAK = YES;
				CLANG_WARN_BLOCK_CAPTURE_AUTORELEASING = YES;
				CLANG_WARN_BOOL_CONVERSION = YES;
				CLANG_WARN_COMMA = YES;
				CLANG_WARN_CONSTANT_CONVERSION = YES;
				CLANG_WARN_DEPRECATED_OBJC_IMPLEMENTATIONS = YES;
				CLANG_WARN_DIRECT_OBJC_ISA_USAGE = YES_ERROR;
				CLANG_WARN_DOCUMENTATION_COMMENTS = YES;
				CLANG_WARN_EMPTY_BODY = YES;
				CLANG_WARN_ENUM_CONVERSION = YES;
				CLANG_WARN_INFINITE_RECURSION = YES;
				CLANG_WARN_INT_CONVERSION = YES;
				CLANG_WARN_NON_LITERAL_NULL_CONVERSION = YES;
				CLANG_WARN_OBJC_IMPLICIT_RETAIN_SELF = YES;
				CLANG_WARN_OBJC_LITERAL_CONVERSION = YES;
				CLANG_WARN_OBJC_ROOT_CLASS = YES_ERROR;
				CLANG_WARN_QUOTED_INCLUDE_IN_FRAMEWORK_HEADER = YES;
				CLANG_WARN_RANGE_LOOP_ANALYSIS = YES;
				CLANG_WARN_STRICT_PROTOTYPES = YES;
				CLANG_WARN_SUSPICIOUS_MOVE = YES;
				CLANG_WARN_UNGUARDED_AVAILABILITY = YES_AGGRESSIVE;
				CLANG_WARN_UNREACHABLE_CODE = YES;
				CLANG_WARN__DUPLICATE_METHOD_MATCH = YES;
				COPY_PHASE_STRIP = NO;
				DEBUG_INFORMATION_FORMAT = dwarf;
				ENABLE_STRICT_OBJC_MSGSEND = YES;
				ENABLE_TESTABILITY = YES;
				GCC_C_LANGUAGE_STANDARD = gnu11;
				GCC_DYNAMIC_NO_PIC = NO;
				GCC_NO_COMMON_BLOCKS = YES;
				GCC_OPTIMIZATION_LEVEL = 0;
				GCC_PREPROCESSOR_DEFINITIONS = (
					"DEBUG=1",
					"$(inherited)",
				);
				GCC_WARN_64_TO_32_BIT_CONVERSION = YES;
				GCC_WARN_ABOUT_RETURN_TYPE = YES_ERROR;
				GCC_WARN_UNDECLARED_SELECTOR = YES;
				GCC_WARN_UNINITIALIZED_AUTOS = YES_AGGRESSIVE;
				GCC_WARN_UNUSED_FUNCTION = YES;
				GCC_WARN_UNUSED_VARIABLE = YES;
				MTL_ENABLE_DEBUG_INFO = INCLUDE_SOURCE;
				MTL_FAST_MATH = YES;
				ONLY_ACTIVE_ARCH = YES;
				SWIFT_ACTIVE_COMPILATION_CONDITIONS = DEBUG;
				SWIFT_OPTIMIZATION_LEVEL = "-Onone";
			};
			name = Debug;
		};
		4DE05D40258441A100EDA325 /* Release */ = {
			isa = XCBuildConfiguration;
			buildSettings = {
				ALWAYS_SEARCH_USER_PATHS = NO;
				CLANG_ANALYZER_NONNULL = YES;
				CLANG_ANALYZER_NUMBER_OBJECT_CONVERSION = YES_AGGRESSIVE;
				CLANG_CXX_LANGUAGE_STANDARD = "gnu++14";
				CLANG_CXX_LIBRARY = "libc++";
				CLANG_ENABLE_MODULES = YES;
				CLANG_ENABLE_OBJC_ARC = YES;
				CLANG_ENABLE_OBJC_WEAK = YES;
				CLANG_WARN_BLOCK_CAPTURE_AUTORELEASING = YES;
				CLANG_WARN_BOOL_CONVERSION = YES;
				CLANG_WARN_COMMA = YES;
				CLANG_WARN_CONSTANT_CONVERSION = YES;
				CLANG_WARN_DEPRECATED_OBJC_IMPLEMENTATIONS = YES;
				CLANG_WARN_DIRECT_OBJC_ISA_USAGE = YES_ERROR;
				CLANG_WARN_DOCUMENTATION_COMMENTS = YES;
				CLANG_WARN_EMPTY_BODY = YES;
				CLANG_WARN_ENUM_CONVERSION = YES;
				CLANG_WARN_INFINITE_RECURSION = YES;
				CLANG_WARN_INT_CONVERSION = YES;
				CLANG_WARN_NON_LITERAL_NULL_CONVERSION = YES;
				CLANG_WARN_OBJC_IMPLICIT_RETAIN_SELF = YES;
				CLANG_WARN_OBJC_LITERAL_CONVERSION = YES;
				CLANG_WARN_OBJC_ROOT_CLASS = YES_ERROR;
				CLANG_WARN_QUOTED_INCLUDE_IN_FRAMEWORK_HEADER = YES;
				CLANG_WARN_RANGE_LOOP_ANALYSIS = YES;
				CLANG_WARN_STRICT_PROTOTYPES = YES;
				CLANG_WARN_SUSPICIOUS_MOVE = YES;
				CLANG_WARN_UNGUARDED_AVAILABILITY = YES_AGGRESSIVE;
				CLANG_WARN_UNREACHABLE_CODE = YES;
				CLANG_WARN__DUPLICATE_METHOD_MATCH = YES;
				COPY_PHASE_STRIP = NO;
				DEBUG_INFORMATION_FORMAT = "dwarf-with-dsym";
				ENABLE_NS_ASSERTIONS = NO;
				ENABLE_STRICT_OBJC_MSGSEND = YES;
				GCC_C_LANGUAGE_STANDARD = gnu11;
				GCC_NO_COMMON_BLOCKS = YES;
				GCC_WARN_64_TO_32_BIT_CONVERSION = YES;
				GCC_WARN_ABOUT_RETURN_TYPE = YES_ERROR;
				GCC_WARN_UNDECLARED_SELECTOR = YES;
				GCC_WARN_UNINITIALIZED_AUTOS = YES_AGGRESSIVE;
				GCC_WARN_UNUSED_FUNCTION = YES;
				GCC_WARN_UNUSED_VARIABLE = YES;
				MTL_ENABLE_DEBUG_INFO = NO;
				MTL_FAST_MATH = YES;
				SWIFT_COMPILATION_MODE = wholemodule;
				SWIFT_OPTIMIZATION_LEVEL = "-O";
			};
			name = Release;
		};
		4DE05D42258441A100EDA325 /* Debug */ = {
			isa = XCBuildConfiguration;
			buildSettings = {
				ASSETCATALOG_COMPILER_APPICON_NAME = AppIcon;
				ASSETCATALOG_COMPILER_GLOBAL_ACCENT_COLOR_NAME = AccentColor;
				CODE_SIGN_STYLE = Automatic;
				DEVELOPMENT_TEAM = MGA58Y526H;
				ENABLE_PREVIEWS = YES;
				INFOPLIST_FILE = iOS/Info.plist;
				IPHONEOS_DEPLOYMENT_TARGET = 14.0;
				LD_RUNPATH_SEARCH_PATHS = (
					"$(inherited)",
					"@executable_path/Frameworks",
				);
				PRODUCT_BUNDLE_IDENTIFIER = lucasgoldner.MyLittleIOSApp;
				PRODUCT_NAME = MyLittleIOSApp;
				SDKROOT = iphoneos;
				SWIFT_VERSION = 5.0;
				TARGETED_DEVICE_FAMILY = "1,2";
			};
			name = Debug;
		};
		4DE05D43258441A100EDA325 /* Release */ = {
			isa = XCBuildConfiguration;
			buildSettings = {
				ASSETCATALOG_COMPILER_APPICON_NAME = AppIcon;
				ASSETCATALOG_COMPILER_GLOBAL_ACCENT_COLOR_NAME = AccentColor;
				CODE_SIGN_STYLE = Automatic;
				DEVELOPMENT_TEAM = MGA58Y526H;
				ENABLE_PREVIEWS = YES;
				INFOPLIST_FILE = iOS/Info.plist;
				IPHONEOS_DEPLOYMENT_TARGET = 14.0;
				LD_RUNPATH_SEARCH_PATHS = (
					"$(inherited)",
					"@executable_path/Frameworks",
				);
				PRODUCT_BUNDLE_IDENTIFIER = lucasgoldner.MyLittleIOSApp;
				PRODUCT_NAME = MyLittleIOSApp;
				SDKROOT = iphoneos;
				SWIFT_VERSION = 5.0;
				TARGETED_DEVICE_FAMILY = "1,2";
				VALIDATE_PRODUCT = YES;
			};
			name = Release;
		};
		4DE05D45258441A100EDA325 /* Debug */ = {
			isa = XCBuildConfiguration;
			buildSettings = {
				ASSETCATALOG_COMPILER_APPICON_NAME = AppIcon;
				ASSETCATALOG_COMPILER_GLOBAL_ACCENT_COLOR_NAME = AccentColor;
				CODE_SIGN_ENTITLEMENTS = macOS/macOS.entitlements;
				CODE_SIGN_STYLE = Automatic;
				COMBINE_HIDPI_IMAGES = YES;
				DEVELOPMENT_TEAM = MGA58Y526H;
				ENABLE_HARDENED_RUNTIME = YES;
				ENABLE_PREVIEWS = YES;
				INFOPLIST_FILE = macOS/Info.plist;
				LD_RUNPATH_SEARCH_PATHS = (
					"$(inherited)",
					"@executable_path/../Frameworks",
				);
				MACOSX_DEPLOYMENT_TARGET = 11.0;
				PRODUCT_BUNDLE_IDENTIFIER = lucasgoldner.MyLittleIOSApp;
				PRODUCT_NAME = MyLittleIOSApp;
				SDKROOT = macosx;
				SWIFT_VERSION = 5.0;
			};
			name = Debug;
		};
		4DE05D46258441A100EDA325 /* Release */ = {
			isa = XCBuildConfiguration;
			buildSettings = {
				ASSETCATALOG_COMPILER_APPICON_NAME = AppIcon;
				ASSETCATALOG_COMPILER_GLOBAL_ACCENT_COLOR_NAME = AccentColor;
				CODE_SIGN_ENTITLEMENTS = macOS/macOS.entitlements;
				CODE_SIGN_STYLE = Automatic;
				COMBINE_HIDPI_IMAGES = YES;
				DEVELOPMENT_TEAM = MGA58Y526H;
				ENABLE_HARDENED_RUNTIME = YES;
				ENABLE_PREVIEWS = YES;
				INFOPLIST_FILE = macOS/Info.plist;
				LD_RUNPATH_SEARCH_PATHS = (
					"$(inherited)",
					"@executable_path/../Frameworks",
				);
				MACOSX_DEPLOYMENT_TARGET = 11.0;
				PRODUCT_BUNDLE_IDENTIFIER = lucasgoldner.MyLittleIOSApp;
				PRODUCT_NAME = MyLittleIOSApp;
				SDKROOT = macosx;
				SWIFT_VERSION = 5.0;
			};
			name = Release;
		};
/* End XCBuildConfiguration section */

/* Begin XCConfigurationList section */
		4DE05D24258441A100EDA325 /* Build configuration list for PBXProject "MyLittleIOSApp" */ = {
			isa = XCConfigurationList;
			buildConfigurations = (
				4DE05D3F258441A100EDA325 /* Debug */,
				4DE05D40258441A100EDA325 /* Release */,
			);
			defaultConfigurationIsVisible = 0;
			defaultConfigurationName = Release;
		};
		4DE05D41258441A100EDA325 /* Build configuration list for PBXNativeTarget "MyLittleIOSApp (iOS)" */ = {
			isa = XCConfigurationList;
			buildConfigurations = (
				4DE05D42258441A100EDA325 /* Debug */,
				4DE05D43258441A100EDA325 /* Release */,
			);
			defaultConfigurationIsVisible = 0;
			defaultConfigurationName = Release;
		};
		4DE05D44258441A100EDA325 /* Build configuration list for PBXNativeTarget "MyLittleIOSApp (macOS)" */ = {
			isa = XCConfigurationList;
			buildConfigurations = (
				4DE05D45258441A100EDA325 /* Debug */,
				4DE05D46258441A100EDA325 /* Release */,
			);
			defaultConfigurationIsVisible = 0;
			defaultConfigurationName = Release;
		};
/* End XCConfigurationList section */
	};
	rootObject = 4DE05D21258441A100EDA325 /* Project object */;
}
